DEPENDENCIES
  arbalest
    path: cookbooks/arbalest
  postgresql (~> 3.4.1)

GRAPH
  apt (2.5.2)
  arbalest (1.5.0)
  build-essential (2.0.6)
  chef-sugar (2.0.0)
  openssl (2.0.0)
    chef-sugar (>= 0.0.0)
  postgresql (3.4.1)
    apt (>= 1.9.0)
    build-essential (>= 0.0.0)
    openssl (>= 0.0.0)
